// !$*UTF8*$!
{
	archiveVersion = 1;
	classes = {
	};
	objectVersion = 50;
	objects = {

/* Begin PBXBuildFile section */
		111C45A1260F65960053E030 /* ObservableObjectPatternApp.swift in Sources */ = {isa = PBXBuildFile; fileRef = 111C45A0260F65960053E030 /* ObservableObjectPatternApp.swift */; };
		111C45A3260F65960053E030 /* ContentView.swift in Sources */ = {isa = PBXBuildFile; fileRef = 111C45A2260F65960053E030 /* ContentView.swift */; };
		111C45A5260F65990053E030 /* Assets.xcassets in Resources */ = {isa = PBXBuildFile; fileRef = 111C45A4260F65990053E030 /* Assets.xcassets */; };
		111C45A8260F65990053E030 /* Preview Assets.xcassets in Resources */ = {isa = PBXBuildFile; fileRef = 111C45A7260F65990053E030 /* Preview Assets.xcassets */; };
		111C45B3260F65990053E030 /* ObservableObjectPatternTests.swift in Sources */ = {isa = PBXBuildFile; fileRef = 111C45B2260F65990053E030 /* ObservableObjectPatternTests.swift */; };
		111C45BE260F65990053E030 /* ObservableObjectPatternUITests.swift in Sources */ = {isa = PBXBuildFile; fileRef = 111C45BD260F65990053E030 /* ObservableObjectPatternUITests.swift */; };
/* End PBXBuildFile section */

/* Begin PBXContainerItemProxy section */
		111C45AF260F65990053E030 /* PBXContainerItemProxy */ = {
			isa = PBXContainerItemProxy;
			containerPortal = 111C4595260F65960053E030 /* Project object */;
			proxyType = 1;
			remoteGlobalIDString = 111C459C260F65960053E030;
			remoteInfo = ObservableObjectPattern;
		};
		111C45BA260F65990053E030 /* PBXContainerItemProxy */ = {
			isa = PBXContainerItemProxy;
			containerPortal = 111C4595260F65960053E030 /* Project object */;
			proxyType = 1;
			remoteGlobalIDString = 111C459C260F65960053E030;
			remoteInfo = ObservableObjectPattern;
		};
/* End PBXContainerItemProxy section */

/* Begin PBXFileReference section */
		111C459D260F65960053E030 /* ObservableObjectPattern.app */ = {isa = PBXFileReference; explicitFileType = wrapper.application; includeInIndex = 0; path = ObservableObjectPattern.app; sourceTree = BUILT_PRODUCTS_DIR; };
		111C45A0260F65960053E030 /* ObservableObjectPatternApp.swift */ = {isa = PBXFileReference; lastKnownFileType = sourcecode.swift; path = ObservableObjectPatternApp.swift; sourceTree = "<group>"; };
		111C45A2260F65960053E030 /* ContentView.swift */ = {isa = PBXFileReference; lastKnownFileType = sourcecode.swift; path = ContentView.swift; sourceTree = "<group>"; };
		111C45A4260F65990053E030 /* Assets.xcassets */ = {isa = PBXFileReference; lastKnownFileType = folder.assetcatalog; path = Assets.xcassets; sourceTree = "<group>"; };
		111C45A7260F65990053E030 /* Preview Assets.xcassets */ = {isa = PBXFileReference; lastKnownFileType = folder.assetcatalog; path = "Preview Assets.xcassets"; sourceTree = "<group>"; };
		111C45A9260F65990053E030 /* Info.plist */ = {isa = PBXFileReference; lastKnownFileType = text.plist.xml; path = Info.plist; sourceTree = "<group>"; };
		111C45AE260F65990053E030 /* ObservableObjectPatternTests.xctest */ = {isa = PBXFileReference; explicitFileType = wrapper.cfbundle; includeInIndex = 0; path = ObservableObjectPatternTests.xctest; sourceTree = BUILT_PRODUCTS_DIR; };
		111C45B2260F65990053E030 /* ObservableObjectPatternTests.swift */ = {isa = PBXFileReference; lastKnownFileType = sourcecode.swift; path = ObservableObjectPatternTests.swift; sourceTree = "<group>"; };
		111C45B4260F65990053E030 /* Info.plist */ = {isa = PBXFileReference; lastKnownFileType = text.plist.xml; path = Info.plist; sourceTree = "<group>"; };
		111C45B9260F65990053E030 /* ObservableObjectPatternUITests.xctest */ = {isa = PBXFileReference; explicitFileType = wrapper.cfbundle; includeInIndex = 0; path = ObservableObjectPatternUITests.xctest; sourceTree = BUILT_PRODUCTS_DIR; };
		111C45BD260F65990053E030 /* ObservableObjectPatternUITests.swift */ = {isa = PBXFileReference; lastKnownFileType = sourcecode.swift; path = ObservableObjectPatternUITests.swift; sourceTree = "<group>"; };
		111C45BF260F65990053E030 /* Info.plist */ = {isa = PBXFileReference; lastKnownFileType = text.plist.xml; path = Info.plist; sourceTree = "<group>"; };
/* End PBXFileReference section */

/* Begin PBXFrameworksBuildPhase section */
		111C459A260F65960053E030 /* Frameworks */ = {
			isa = PBXFrameworksBuildPhase;
			buildActionMask = 2147483647;
			files = (
			);
			runOnlyForDeploymentPostprocessing = 0;
		};
		111C45AB260F65990053E030 /* Frameworks */ = {
			isa = PBXFrameworksBuildPhase;
			buildActionMask = 2147483647;
			files = (
			);
			runOnlyForDeploymentPostprocessing = 0;
		};
		111C45B6260F65990053E030 /* Frameworks */ = {
			isa = PBXFrameworksBuildPhase;
			buildActionMask = 2147483647;
			files = (
			);
			runOnlyForDeploymentPostprocessing = 0;
		};
/* End PBXFrameworksBuildPhase section */

/* Begin PBXGroup section */
		111C4594260F65960053E030 = {
			isa = PBXGroup;
			children = (
				111C459F260F65960053E030 /* ObservableObjectPattern */,
				111C45B1260F65990053E030 /* ObservableObjectPatternTests */,
				111C45BC260F65990053E030 /* ObservableObjectPatternUITests */,
				111C459E260F65960053E030 /* Products */,
			);
			sourceTree = "<group>";
		};
		111C459E260F65960053E030 /* Products */ = {
			isa = PBXGroup;
			children = (
				111C459D260F65960053E030 /* ObservableObjectPattern.app */,
				111C45AE260F65990053E030 /* ObservableObjectPatternTests.xctest */,
				111C45B9260F65990053E030 /* ObservableObjectPatternUITests.xctest */,
			);
			name = Products;
			sourceTree = "<group>";
		};
		111C459F260F65960053E030 /* ObservableObjectPattern */ = {
			isa = PBXGroup;
			children = (
				111C45A0260F65960053E030 /* ObservableObjectPatternApp.swift */,
				111C45A2260F65960053E030 /* ContentView.swift */,
				111C45A4260F65990053E030 /* Assets.xcassets */,
				111C45A9260F65990053E030 /* Info.plist */,
				111C45A6260F65990053E030 /* Preview Content */,
			);
			path = ObservableObjectPattern;
			sourceTree = "<group>";
		};
		111C45A6260F65990053E030 /* Preview Content */ = {
			isa = PBXGroup;
			children = (
				111C45A7260F65990053E030 /* Preview Assets.xcassets */,
			);
			path = "Preview Content";
			sourceTree = "<group>";
		};
		111C45B1260F65990053E030 /* ObservableObjectPatternTests */ = {
			isa = PBXGroup;
			children = (
				111C45B2260F65990053E030 /* ObservableObjectPatternTests.swift */,
				111C45B4260F65990053E030 /* Info.plist */,
			);
			path = ObservableObjectPatternTests;
			sourceTree = "<group>";
		};
		111C45BC260F65990053E030 /* ObservableObjectPatternUITests */ = {
			isa = PBXGroup;
			children = (
				111C45BD260F65990053E030 /* ObservableObjectPatternUITests.swift */,
				111C45BF260F65990053E030 /* Info.plist */,
			);
			path = ObservableObjectPatternUITests;
			sourceTree = "<group>";
		};
/* End PBXGroup section */

/* Begin PBXNativeTarget section */
		111C459C260F65960053E030 /* ObservableObjectPattern */ = {
			isa = PBXNativeTarget;
			buildConfigurationList = 111C45C2260F65990053E030 /* Build configuration list for PBXNativeTarget "ObservableObjectPattern" */;
			buildPhases = (
				111C4599260F65960053E030 /* Sources */,
				111C459A260F65960053E030 /* Frameworks */,
				111C459B260F65960053E030 /* Resources */,
			);
			buildRules = (
			);
			dependencies = (
			);
			name = ObservableObjectPattern;
			productName = ObservableObjectPattern;
			productReference = 111C459D260F65960053E030 /* ObservableObjectPattern.app */;
			productType = "com.apple.product-type.application";
		};
		111C45AD260F65990053E030 /* ObservableObjectPatternTests */ = {
			isa = PBXNativeTarget;
			buildConfigurationList = 111C45C5260F65990053E030 /* Build configuration list for PBXNativeTarget "ObservableObjectPatternTests" */;
			buildPhases = (
				111C45AA260F65990053E030 /* Sources */,
				111C45AB260F65990053E030 /* Frameworks */,
				111C45AC260F65990053E030 /* Resources */,
			);
			buildRules = (
			);
			dependencies = (
				111C45B0260F65990053E030 /* PBXTargetDependency */,
			);
			name = ObservableObjectPatternTests;
			productName = ObservableObjectPatternTests;
			productReference = 111C45AE260F65990053E030 /* ObservableObjectPatternTests.xctest */;
			productType = "com.apple.product-type.bundle.unit-test";
		};
		111C45B8260F65990053E030 /* ObservableObjectPatternUITests */ = {
			isa = PBXNativeTarget;
			buildConfigurationList = 111C45C8260F65990053E030 /* Build configuration list for PBXNativeTarget "ObservableObjectPatternUITests" */;
			buildPhases = (
				111C45B5260F65990053E030 /* Sources */,
				111C45B6260F65990053E030 /* Frameworks */,
				111C45B7260F65990053E030 /* Resources */,
			);
			buildRules = (
			);
			dependencies = (
				111C45BB260F65990053E030 /* PBXTargetDependency */,
			);
			name = ObservableObjectPatternUITests;
			productName = ObservableObjectPatternUITests;
			productReference = 111C45B9260F65990053E030 /* ObservableObjectPatternUITests.xctest */;
			productType = "com.apple.product-type.bundle.ui-testing";
		};
/* End PBXNativeTarget section */

/* Begin PBXProject section */
		111C4595260F65960053E030 /* Project object */ = {
			isa = PBXProject;
			attributes = {
				LastSwiftUpdateCheck = 1240;
				LastUpgradeCheck = 1240;
				TargetAttributes = {
					111C459C260F65960053E030 = {
						CreatedOnToolsVersion = 12.4;
					};
					111C45AD260F65990053E030 = {
						CreatedOnToolsVersion = 12.4;
						TestTargetID = 111C459C260F65960053E030;
					};
					111C45B8260F65990053E030 = {
						CreatedOnToolsVersion = 12.4;
						TestTargetID = 111C459C260F65960053E030;
					};
				};
			};
			buildConfigurationList = 111C4598260F65960053E030 /* Build configuration list for PBXProject "ObservableObjectPattern" */;
			compatibilityVersion = "Xcode 9.3";
			developmentRegion = en;
			hasScannedForEncodings = 0;
			knownRegions = (
				en,
				Base,
			);
			mainGroup = 111C4594260F65960053E030;
			productRefGroup = 111C459E260F65960053E030 /* Products */;
			projectDirPath = "";
			projectRoot = "";
			targets = (
				111C459C260F65960053E030 /* ObservableObjectPattern */,
				111C45AD260F65990053E030 /* ObservableObjectPatternTests */,
				111C45B8260F65990053E030 /* ObservableObjectPatternUITests */,
			);
		};
/* End PBXProject section */

/* Begin PBXResourcesBuildPhase section */
		111C459B260F65960053E030 /* Resources */ = {
			isa = PBXResourcesBuildPhase;
			buildActionMask = 2147483647;
			files = (
				111C45A8260F65990053E030 /* Preview Assets.xcassets in Resources */,
				111C45A5260F65990053E030 /* Assets.xcassets in Resources */,
			);
			runOnlyForDeploymentPostprocessing = 0;
		};
		111C45AC260F65990053E030 /* Resources */ = {
			isa = PBXResourcesBuildPhase;
			buildActionMask = 2147483647;
			files = (
			);
			runOnlyForDeploymentPostprocessing = 0;
		};
		111C45B7260F65990053E030 /* Resources */ = {
			isa = PBXResourcesBuildPhase;
			buildActionMask = 2147483647;
			files = (
			);
			runOnlyForDeploymentPostprocessing = 0;
		};
/* End PBXResourcesBuildPhase section */

/* Begin PBXSourcesBuildPhase section */
		111C4599260F65960053E030 /* Sources */ = {
			isa = PBXSourcesBuildPhase;
			buildActionMask = 2147483647;
			files = (
				111C45A3260F65960053E030 /* ContentView.swift in Sources */,
				111C45A1260F65960053E030 /* ObservableObjectPatternApp.swift in Sources */,
			);
			runOnlyForDeploymentPostprocessing = 0;
		};
		111C45AA260F65990053E030 /* Sources */ = {
			isa = PBXSourcesBuildPhase;
			buildActionMask = 2147483647;
			files = (
				111C45B3260F65990053E030 /* ObservableObjectPatternTests.swift in Sources */,
			);
			runOnlyForDeploymentPostprocessing = 0;
		};
		111C45B5260F65990053E030 /* Sources */ = {
			isa = PBXSourcesBuildPhase;
			buildActionMask = 2147483647;
			files = (
				111C45BE260F65990053E030 /* ObservableObjectPatternUITests.swift in Sources */,
			);
			runOnlyForDeploymentPostprocessing = 0;
		};
/* End PBXSourcesBuildPhase section */

/* Begin PBXTargetDependency section */
		111C45B0260F65990053E030 /* PBXTargetDependency */ = {
			isa = PBXTargetDependency;
			target = 111C459C260F65960053E030 /* ObservableObjectPattern */;
			targetProxy = 111C45AF260F65990053E030 /* PBXContainerItemProxy */;
		};
		111C45BB260F65990053E030 /* PBXTargetDependency */ = {
			isa = PBXTargetDependency;
			target = 111C459C260F65960053E030 /* ObservableObjectPattern */;
			targetProxy = 111C45BA260F65990053E030 /* PBXContainerItemProxy */;
		};
/* End PBXTargetDependency section */

/* Begin XCBuildConfiguration section */
		111C45C0260F65990053E030 /* Debug */ = {
			isa = XCBuildConfiguration;
			buildSettings = {
				ALWAYS_SEARCH_USER_PATHS = NO;
				CLANG_ANALYZER_NONNULL = YES;
				CLANG_ANALYZER_NUMBER_OBJECT_CONVERSION = YES_AGGRESSIVE;
				CLANG_CXX_LANGUAGE_STANDARD = "gnu++14";
				CLANG_CXX_LIBRARY = "libc++";
				CLANG_ENABLE_MODULES = YES;
				CLANG_ENABLE_OBJC_ARC = YES;
				CLANG_ENABLE_OBJC_WEAK = YES;
				CLANG_WARN_BLOCK_CAPTURE_AUTORELEASING = YES;
				CLANG_WARN_BOOL_CONVERSION = YES;
				CLANG_WARN_COMMA = YES;
				CLANG_WARN_CONSTANT_CONVERSION = YES;
				CLANG_WARN_DEPRECATED_OBJC_IMPLEMENTATIONS = YES;
				CLANG_WARN_DIRECT_OBJC_ISA_USAGE = YES_ERROR;
				CLANG_WARN_DOCUMENTATION_COMMENTS = YES;
				CLANG_WARN_EMPTY_BODY = YES;
				CLANG_WARN_ENUM_CONVERSION = YES;
				CLANG_WARN_INFINITE_RECURSION = YES;
				CLANG_WARN_INT_CONVERSION = YES;
				CLANG_WARN_NON_LITERAL_NULL_CONVERSION = YES;
				CLANG_WARN_OBJC_IMPLICIT_RETAIN_SELF = YES;
				CLANG_WARN_OBJC_LITERAL_CONVERSION = YES;
				CLANG_WARN_OBJC_ROOT_CLASS = YES_ERROR;
				CLANG_WARN_QUOTED_INCLUDE_IN_FRAMEWORK_HEADER = YES;
				CLANG_WARN_RANGE_LOOP_ANALYSIS = YES;
				CLANG_WARN_STRICT_PROTOTYPES = YES;
				CLANG_WARN_SUSPICIOUS_MOVE = YES;
				CLANG_WARN_UNGUARDED_AVAILABILITY = YES_AGGRESSIVE;
				CLANG_WARN_UNREACHABLE_CODE = YES;
				CLANG_WARN__DUPLICATE_METHOD_MATCH = YES;
				COPY_PHASE_STRIP = NO;
				DEBUG_INFORMATION_FORMAT = dwarf;
				ENABLE_STRICT_OBJC_MSGSEND = YES;
				ENABLE_TESTABILITY = YES;
				GCC_C_LANGUAGE_STANDARD = gnu11;
				GCC_DYNAMIC_NO_PIC = NO;
				GCC_NO_COMMON_BLOCKS = YES;
				GCC_OPTIMIZATION_LEVEL = 0;
				GCC_PREPROCESSOR_DEFINITIONS = (
					"DEBUG=1",
					"$(inherited)",
				);
				GCC_WARN_64_TO_32_BIT_CONVERSION = YES;
				GCC_WARN_ABOUT_RETURN_TYPE = YES_ERROR;
				GCC_WARN_UNDECLARED_SELECTOR = YES;
				GCC_WARN_UNINITIALIZED_AUTOS = YES_AGGRESSIVE;
				GCC_WARN_UNUSED_FUNCTION = YES;
				GCC_WARN_UNUSED_VARIABLE = YES;
				IPHONEOS_DEPLOYMENT_TARGET = 14.4;
				MTL_ENABLE_DEBUG_INFO = INCLUDE_SOURCE;
				MTL_FAST_MATH = YES;
				ONLY_ACTIVE_ARCH = YES;
				SDKROOT = iphoneos;
				SWIFT_ACTIVE_COMPILATION_CONDITIONS = DEBUG;
				SWIFT_OPTIMIZATION_LEVEL = "-Onone";
			};
			name = Debug;
		};
		111C45C1260F65990053E030 /* Release */ = {
			isa = XCBuildConfiguration;
			buildSettings = {
				ALWAYS_SEARCH_USER_PATHS = NO;
				CLANG_ANALYZER_NONNULL = YES;
				CLANG_ANALYZER_NUMBER_OBJECT_CONVERSION = YES_AGGRESSIVE;
				CLANG_CXX_LANGUAGE_STANDARD = "gnu++14";
				CLANG_CXX_LIBRARY = "libc++";
				CLANG_ENABLE_MODULES = YES;
				CLANG_ENABLE_OBJC_ARC = YES;
				CLANG_ENABLE_OBJC_WEAK = YES;
				CLANG_WARN_BLOCK_CAPTURE_AUTORELEASING = YES;
				CLANG_WARN_BOOL_CONVERSION = YES;
				CLANG_WARN_COMMA = YES;
				CLANG_WARN_CONSTANT_CONVERSION = YES;
				CLANG_WARN_DEPRECATED_OBJC_IMPLEMENTATIONS = YES;
				CLANG_WARN_DIRECT_OBJC_ISA_USAGE = YES_ERROR;
				CLANG_WARN_DOCUMENTATION_COMMENTS = YES;
				CLANG_WARN_EMPTY_BODY = YES;
				CLANG_WARN_ENUM_CONVERSION = YES;
				CLANG_WARN_INFINITE_RECURSION = YES;
				CLANG_WARN_INT_CONVERSION = YES;
				CLANG_WARN_NON_LITERAL_NULL_CONVERSION = YES;
				CLANG_WARN_OBJC_IMPLICIT_RETAIN_SELF = YES;
				CLANG_WARN_OBJC_LITERAL_CONVERSION = YES;
				CLANG_WARN_OBJC_ROOT_CLASS = YES_ERROR;
				CLANG_WARN_QUOTED_INCLUDE_IN_FRAMEWORK_HEADER = YES;
				CLANG_WARN_RANGE_LOOP_ANALYSIS = YES;
				CLANG_WARN_STRICT_PROTOTYPES = YES;
				CLANG_WARN_SUSPICIOUS_MOVE = YES;
				CLANG_WARN_UNGUARDED_AVAILABILITY = YES_AGGRESSIVE;
				CLANG_WARN_UNREACHABLE_CODE = YES;
				CLANG_WARN__DUPLICATE_METHOD_MATCH = YES;
				COPY_PHASE_STRIP = NO;
				DEBUG_INFORMATION_FORMAT = "dwarf-with-dsym";
				ENABLE_NS_ASSERTIONS = NO;
				ENABLE_STRICT_OBJC_MSGSEND = YES;
				GCC_C_LANGUAGE_STANDARD = gnu11;
				GCC_NO_COMMON_BLOCKS = YES;
				GCC_WARN_64_TO_32_BIT_CONVERSION = YES;
				GCC_WARN_ABOUT_RETURN_TYPE = YES_ERROR;
				GCC_WARN_UNDECLARED_SELECTOR = YES;
				GCC_WARN_UNINITIALIZED_AUTOS = YES_AGGRESSIVE;
				GCC_WARN_UNUSED_FUNCTION = YES;
				GCC_WARN_UNUSED_VARIABLE = YES;
				IPHONEOS_DEPLOYMENT_TARGET = 14.4;
				MTL_ENABLE_DEBUG_INFO = NO;
				MTL_FAST_MATH = YES;
				SDKROOT = iphoneos;
				SWIFT_COMPILATION_MODE = wholemodule;
				SWIFT_OPTIMIZATION_LEVEL = "-O";
				VALIDATE_PRODUCT = YES;
			};
			name = Release;
		};
		111C45C3260F65990053E030 /* Debug */ = {
			isa = XCBuildConfiguration;
			buildSettings = {
				ASSETCATALOG_COMPILER_APPICON_NAME = AppIcon;
				ASSETCATALOG_COMPILER_GLOBAL_ACCENT_COLOR_NAME = AccentColor;
				CODE_SIGN_STYLE = Automatic;
				DEVELOPMENT_ASSET_PATHS = "\"ObservableObjectPattern/Preview Content\"";
				DEVELOPMENT_TEAM = C6DQVPTV2K;
				ENABLE_PREVIEWS = YES;
				INFOPLIST_FILE = ObservableObjectPattern/Info.plist;
				IPHONEOS_DEPLOYMENT_TARGET = 14.0;
				LD_RUNPATH_SEARCH_PATHS = (
					"$(inherited)",
					"@executable_path/Frameworks",
				);
				PRODUCT_BUNDLE_IDENTIFIER = uk.co.rickbrown.ObservableObjectPattern;
				PRODUCT_NAME = "$(TARGET_NAME)";
				SWIFT_VERSION = 5.0;
				TARGETED_DEVICE_FAMILY = "1,2";
			};
			name = Debug;
		};
		111C45C4260F65990053E030 /* Release */ = {
			isa = XCBuildConfiguration;
			buildSettings = {
				ASSETCATALOG_COMPILER_APPICON_NAME = AppIcon;
				ASSETCATALOG_COMPILER_GLOBAL_ACCENT_COLOR_NAME = AccentColor;
				CODE_SIGN_STYLE = Automatic;
				DEVELOPMENT_ASSET_PATHS = "\"ObservableObjectPattern/Preview Content\"";
				DEVELOPMENT_TEAM = C6DQVPTV2K;
				ENABLE_PREVIEWS = YES;
				INFOPLIST_FILE = ObservableObjectPattern/Info.plist;
				IPHONEOS_DEPLOYMENT_TARGET = 14.0;
				LD_RUNPATH_SEARCH_PATHS = (
					"$(inherited)",
					"@executable_path/Frameworks",
				);
				PRODUCT_BUNDLE_IDENTIFIER = uk.co.rickbrown.ObservableObjectPattern;
				PRODUCT_NAME = "$(TARGET_NAME)";
				SWIFT_VERSION = 5.0;
				TARGETED_DEVICE_FAMILY = "1,2";
			};
			name = Release;
		};
		111C45C6260F65990053E030 /* Debug */ = {
			isa = XCBuildConfiguration;
			buildSettings = {
				ALWAYS_EMBED_SWIFT_STANDARD_LIBRARIES = YES;
				BUNDLE_LOADER = "$(TEST_HOST)";
				CODE_SIGN_STYLE = Automatic;
				DEVELOPMENT_TEAM = C6DQVPTV2K;
				INFOPLIST_FILE = ObservableObjectPatternTests/Info.plist;
				IPHONEOS_DEPLOYMENT_TARGET = 14.0;
				LD_RUNPATH_SEARCH_PATHS = (
					"$(inherited)",
					"@executable_path/Frameworks",
					"@loader_path/Frameworks",
				);
				PRODUCT_BUNDLE_IDENTIFIER = uk.co.rickbrown.ObservableObjectPatternTests;
				PRODUCT_NAME = "$(TARGET_NAME)";
				SWIFT_VERSION = 5.0;
				TARGETED_DEVICE_FAMILY = "1,2";
				TEST_HOST = "$(BUILT_PRODUCTS_DIR)/ObservableObjectPattern.app/ObservableObjectPattern";
			};
			name = Debug;
		};
		111C45C7260F65990053E030 /* Release */ = {
			isa = XCBuildConfiguration;
			buildSettings = {
				ALWAYS_EMBED_SWIFT_STANDARD_LIBRARIES = YES;
				BUNDLE_LOADER = "$(TEST_HOST)";
				CODE_SIGN_STYLE = Automatic;
				DEVELOPMENT_TEAM = C6DQVPTV2K;
				INFOPLIST_FILE = ObservableObjectPatternTests/Info.plist;
				IPHONEOS_DEPLOYMENT_TARGET = 14.0;
				LD_RUNPATH_SEARCH_PATHS = (
					"$(inherited)",
					"@executable_path/Frameworks",
					"@loader_path/Frameworks",
				);
				PRODUCT_BUNDLE_IDENTIFIER = uk.co.rickbrown.ObservableObjectPatternTests;
				PRODUCT_NAME = "$(TARGET_NAME)";
				SWIFT_VERSION = 5.0;
				TARGETED_DEVICE_FAMILY = "1,2";
				TEST_HOST = "$(BUILT_PRODUCTS_DIR)/ObservableObjectPattern.app/ObservableObjectPattern";
			};
			name = Release;
		};
		111C45C9260F65990053E030 /* Debug */ = {
			isa = XCBuildConfiguration;
			buildSettings = {
				ALWAYS_EMBED_SWIFT_STANDARD_LIBRARIES = YES;
				CODE_SIGN_STYLE = Automatic;
				DEVELOPMENT_TEAM = C6DQVPTV2K;
				INFOPLIST_FILE = ObservableObjectPatternUITests/Info.plist;
				LD_RUNPATH_SEARCH_PATHS = (
					"$(inherited)",
					"@executable_path/Frameworks",
					"@loader_path/Frameworks",
				);
				PRODUCT_BUNDLE_IDENTIFIER = uk.co.rickbrown.ObservableObjectPatternUITests;
				PRODUCT_NAME = "$(TARGET_NAME)";
				SWIFT_VERSION = 5.0;
				TARGETED_DEVICE_FAMILY = "1,2";
				TEST_TARGET_NAME = ObservableObjectPattern;
			};
			name = Debug;
		};
		111C45CA260F65990053E030 /* Release */ = {
			isa = XCBuildConfiguration;
			buildSettings = {
				ALWAYS_EMBED_SWIFT_STANDARD_LIBRARIES = YES;
				CODE_SIGN_STYLE = Automatic;
				DEVELOPMENT_TEAM = C6DQVPTV2K;
				INFOPLIST_FILE = ObservableObjectPatternUITests/Info.plist;
				LD_RUNPATH_SEARCH_PATHS = (
					"$(inherited)",
					"@executable_path/Frameworks",
					"@loader_path/Frameworks",
				);
				PRODUCT_BUNDLE_IDENTIFIER = uk.co.rickbrown.ObservableObjectPatternUITests;
				PRODUCT_NAME = "$(TARGET_NAME)";
				SWIFT_VERSION = 5.0;
				TARGETED_DEVICE_FAMILY = "1,2";
				TEST_TARGET_NAME = ObservableObjectPattern;
			};
			name = Release;
		};
/* End XCBuildConfiguration section */

/* Begin XCConfigurationList section */
		111C4598260F65960053E030 /* Build configuration list for PBXProject "ObservableObjectPattern" */ = {
			isa = XCConfigurationList;
			buildConfigurations = (
				111C45C0260F65990053E030 /* Debug */,
				111C45C1260F65990053E030 /* Release */,
			);
			defaultConfigurationIsVisible = 0;
			defaultConfigurationName = Release;
		};
		111C45C2260F65990053E030 /* Build configuration list for PBXNativeTarget "ObservableObjectPattern" */ = {
			isa = XCConfigurationList;
			buildConfigurations = (
				111C45C3260F65990053E030 /* Debug */,
				111C45C4260F65990053E030 /* Release */,
			);
			defaultConfigurationIsVisible = 0;
			defaultConfigurationName = Release;
		};
		111C45C5260F65990053E030 /* Build configuration list for PBXNativeTarget "ObservableObjectPatternTests" */ = {
			isa = XCConfigurationList;
			buildConfigurations = (
				111C45C6260F65990053E030 /* Debug */,
				111C45C7260F65990053E030 /* Release */,
			);
			defaultConfigurationIsVisible = 0;
			defaultConfigurationName = Release;
		};
		111C45C8260F65990053E030 /* Build configuration list for PBXNativeTarget "ObservableObjectPatternUITests" */ = {
			isa = XCConfigurationList;
			buildConfigurations = (
				111C45C9260F65990053E030 /* Debug */,
				111C45CA260F65990053E030 /* Release */,
			);
			defaultConfigurationIsVisible = 0;
			defaultConfigurationName = Release;
		};
/* End XCConfigurationList section */
	};
	rootObject = 111C4595260F65960053E030 /* Project object */;
}
